// !$*UTF8*$!
{
	archiveVersion = 1;
	classes = {
	};
	objectVersion = 46;
	objects = {

/* Begin PBXBuildFile section */
		F470D7FA1581AB1500E21DE9 /* Cocoa.framework in Frameworks */ = {isa = PBXBuildFile; fileRef = F470D7F91581AB1500E21DE9 /* Cocoa.framework */; };
		F470D8041581AB1500E21DE9 /* InfoPlist.strings in Resources */ = {isa = PBXBuildFile; fileRef = F470D8021581AB1500E21DE9 /* InfoPlist.strings */; };
		F470D8061581AB1500E21DE9 /* main.m in Sources */ = {isa = PBXBuildFile; fileRef = F470D8051581AB1500E21DE9 /* main.m */; };
		F470D80A1581AB1500E21DE9 /* Credits.rtf in Resources */ = {isa = PBXBuildFile; fileRef = F470D8081581AB1500E21DE9 /* Credits.rtf */; };
		F470D80D1581AB1500E21DE9 /* AppDelegate.m in Sources */ = {isa = PBXBuildFile; fileRef = F470D80C1581AB1500E21DE9 /* AppDelegate.m */; };
		F470D8101581AB1600E21DE9 /* MainMenu.xib in Resources */ = {isa = PBXBuildFile; fileRef = F470D80E1581AB1600E21DE9 /* MainMenu.xib */; };
		F470D8181581AB1600E21DE9 /* SenTestingKit.framework in Frameworks */ = {isa = PBXBuildFile; fileRef = F470D8171581AB1600E21DE9 /* SenTestingKit.framework */; };
		F470D8191581AB1600E21DE9 /* Cocoa.framework in Frameworks */ = {isa = PBXBuildFile; fileRef = F470D7F91581AB1500E21DE9 /* Cocoa.framework */; };
		F470D8211581AB1600E21DE9 /* InfoPlist.strings in Resources */ = {isa = PBXBuildFile; fileRef = F470D81F1581AB1600E21DE9 /* InfoPlist.strings */; };
		F470D8241581AB1600E21DE9 /* SubCandidatesTests.m in Sources */ = {isa = PBXBuildFile; fileRef = F470D8231581AB1600E21DE9 /* SubCandidatesTests.m */; };
/* End PBXBuildFile section */

/* Begin PBXContainerItemProxy section */
		F470D81A1581AB1600E21DE9 /* PBXContainerItemProxy */ = {
			isa = PBXContainerItemProxy;
			containerPortal = F470D7EC1581AB1500E21DE9 /* Project object */;
			proxyType = 1;
			remoteGlobalIDString = F470D7F41581AB1500E21DE9;
			remoteInfo = SubCandidates;
		};
/* End PBXContainerItemProxy section */

/* Begin PBXFileReference section */
		F470D7F51581AB1500E21DE9 /* SubCandidates.app */ = {isa = PBXFileReference; explicitFileType = wrapper.application; includeInIndex = 0; path = SubCandidates.app; sourceTree = BUILT_PRODUCTS_DIR; };
		F470D7F91581AB1500E21DE9 /* Cocoa.framework */ = {isa = PBXFileReference; lastKnownFileType = wrapper.framework; name = Cocoa.framework; path = System/Library/Frameworks/Cocoa.framework; sourceTree = SDKROOT; };
		F470D7FC1581AB1500E21DE9 /* AppKit.framework */ = {isa = PBXFileReference; lastKnownFileType = wrapper.framework; name = AppKit.framework; path = System/Library/Frameworks/AppKit.framework; sourceTree = SDKROOT; };
		F470D7FD1581AB1500E21DE9 /* CoreData.framework */ = {isa = PBXFileReference; lastKnownFileType = wrapper.framework; name = CoreData.framework; path = System/Library/Frameworks/CoreData.framework; sourceTree = SDKROOT; };
		F470D7FE1581AB1500E21DE9 /* Foundation.framework */ = {isa = PBXFileReference; lastKnownFileType = wrapper.framework; name = Foundation.framework; path = System/Library/Frameworks/Foundation.framework; sourceTree = SDKROOT; };
		F470D8011581AB1500E21DE9 /* SubCandidates-Info.plist */ = {isa = PBXFileReference; path = "SubCandidates-Info.plist"; sourceTree = "<group>"; };
		F470D8031581AB1500E21DE9 /* en */ = {isa = PBXFileReference; lastKnownFileType = text.plist.strings; name = en; path = en.lproj/InfoPlist.strings; sourceTree = "<group>"; };
		F470D8051581AB1500E21DE9 /* main.m */ = {isa = PBXFileReference; lastKnownFileType = sourcecode.c.objc; path = main.m; sourceTree = "<group>"; };
		F470D8071581AB1500E21DE9 /* SubCandidates-Prefix.pch */ = {isa = PBXFileReference; path = "SubCandidates-Prefix.pch"; sourceTree = "<group>"; };
		F470D8091581AB1500E21DE9 /* en */ = {isa = PBXFileReference; lastKnownFileType = text.rtf; name = en; path = en.lproj/Credits.rtf; sourceTree = "<group>"; };
		F470D80B1581AB1500E21DE9 /* AppDelegate.h */ = {isa = PBXFileReference; path = AppDelegate.h; sourceTree = "<group>"; };
		F470D80C1581AB1500E21DE9 /* AppDelegate.m */ = {isa = PBXFileReference; lastKnownFileType = sourcecode.c.objc; path = AppDelegate.m; sourceTree = "<group>"; };
		F470D80F1581AB1600E21DE9 /* en */ = {isa = PBXFileReference; lastKnownFileType = file.xib; name = en; path = en.lproj/MainMenu.xib; sourceTree = "<group>"; };
		F470D8161581AB1600E21DE9 /* SubCandidatesTests.octest */ = {isa = PBXFileReference; explicitFileType = wrapper.cfbundle; includeInIndex = 0; path = SubCandidatesTests.octest; sourceTree = BUILT_PRODUCTS_DIR; };
		F470D8171581AB1600E21DE9 /* SenTestingKit.framework */ = {isa = PBXFileReference; lastKnownFileType = wrapper.framework; name = SenTestingKit.framework; path = Library/Frameworks/SenTestingKit.framework; sourceTree = DEVELOPER_DIR; };
		F470D81E1581AB1600E21DE9 /* SubCandidatesTests-Info.plist */ = {isa = PBXFileReference; path = "SubCandidatesTests-Info.plist"; sourceTree = "<group>"; };
		F470D8201581AB1600E21DE9 /* en */ = {isa = PBXFileReference; lastKnownFileType = text.plist.strings; name = en; path = en.lproj/InfoPlist.strings; sourceTree = "<group>"; };
		F470D8221581AB1600E21DE9 /* SubCandidatesTests.h */ = {isa = PBXFileReference; path = SubCandidatesTests.h; sourceTree = "<group>"; };
		F470D8231581AB1600E21DE9 /* SubCandidatesTests.m */ = {isa = PBXFileReference; lastKnownFileType = sourcecode.c.objc; path = SubCandidatesTests.m; sourceTree = "<group>"; };
/* End PBXFileReference section */

/* Begin PBXFrameworksBuildPhase section */
		F470D7F21581AB1500E21DE9 /* Frameworks */ = {
			isa = PBXFrameworksBuildPhase;
			buildActionMask = 2147483647;
			files = (
				F470D7FA1581AB1500E21DE9 /* Cocoa.framework in Frameworks */,
			);
			runOnlyForDeploymentPostprocessing = 0;
		};
		F470D8121581AB1600E21DE9 /* Frameworks */ = {
			isa = PBXFrameworksBuildPhase;
			buildActionMask = 2147483647;
			files = (
				F470D8181581AB1600E21DE9 /* SenTestingKit.framework in Frameworks */,
				F470D8191581AB1600E21DE9 /* Cocoa.framework in Frameworks */,
			);
			runOnlyForDeploymentPostprocessing = 0;
		};
/* End PBXFrameworksBuildPhase section */

/* Begin PBXGroup section */
		F470D7EA1581AB1500E21DE9 = {
			isa = PBXGroup;
			children = (
				F470D7FF1581AB1500E21DE9 /* SubCandidates */,
				F470D81C1581AB1600E21DE9 /* SubCandidatesTests */,
				F470D7F81581AB1500E21DE9 /* Frameworks */,
				F470D7F61581AB1500E21DE9 /* Products */,
			);
			sourceTree = "<group>";
		};
		F470D7F61581AB1500E21DE9 /* Products */ = {
			isa = PBXGroup;
			children = (
				F470D7F51581AB1500E21DE9 /* SubCandidates.app */,
				F470D8161581AB1600E21DE9 /* SubCandidatesTests.octest */,
			);
			name = Products;
			sourceTree = "<group>";
		};
		F470D7F81581AB1500E21DE9 /* Frameworks */ = {
			isa = PBXGroup;
			children = (
				F470D7F91581AB1500E21DE9 /* Cocoa.framework */,
				F470D8171581AB1600E21DE9 /* SenTestingKit.framework */,
				F470D7FB1581AB1500E21DE9 /* Other Frameworks */,
			);
			name = Frameworks;
			sourceTree = "<group>";
		};
		F470D7FB1581AB1500E21DE9 /* Other Frameworks */ = {
			isa = PBXGroup;
			children = (
				F470D7FC1581AB1500E21DE9 /* AppKit.framework */,
				F470D7FD1581AB1500E21DE9 /* CoreData.framework */,
				F470D7FE1581AB1500E21DE9 /* Foundation.framework */,
			);
			name = "Other Frameworks";
			sourceTree = "<group>";
		};
		F470D7FF1581AB1500E21DE9 /* SubCandidates */ = {
			isa = PBXGroup;
			children = (
				F470D80B1581AB1500E21DE9 /* AppDelegate.h */,
				F470D80C1581AB1500E21DE9 /* AppDelegate.m */,
				F470D80E1581AB1600E21DE9 /* MainMenu.xib */,
				F470D8001581AB1500E21DE9 /* Supporting Files */,
			);
			path = SubCandidates;
			sourceTree = "<group>";
		};
		F470D8001581AB1500E21DE9 /* Supporting Files */ = {
			isa = PBXGroup;
			children = (
				F470D8011581AB1500E21DE9 /* SubCandidates-Info.plist */,
				F470D8021581AB1500E21DE9 /* InfoPlist.strings */,
				F470D8051581AB1500E21DE9 /* main.m */,
				F470D8071581AB1500E21DE9 /* SubCandidates-Prefix.pch */,
				F470D8081581AB1500E21DE9 /* Credits.rtf */,
			);
			name = "Supporting Files";
			sourceTree = "<group>";
		};
		F470D81C1581AB1600E21DE9 /* SubCandidatesTests */ = {
			isa = PBXGroup;
			children = (
				F470D8221581AB1600E21DE9 /* SubCandidatesTests.h */,
				F470D8231581AB1600E21DE9 /* SubCandidatesTests.m */,
				F470D81D1581AB1600E21DE9 /* Supporting Files */,
			);
			path = SubCandidatesTests;
			sourceTree = "<group>";
		};
		F470D81D1581AB1600E21DE9 /* Supporting Files */ = {
			isa = PBXGroup;
			children = (
				F470D81E1581AB1600E21DE9 /* SubCandidatesTests-Info.plist */,
				F470D81F1581AB1600E21DE9 /* InfoPlist.strings */,
			);
			name = "Supporting Files";
			sourceTree = "<group>";
		};
/* End PBXGroup section */

/* Begin PBXNativeTarget section */
		F470D7F41581AB1500E21DE9 /* SubCandidates */ = {
			isa = PBXNativeTarget;
			buildConfigurationList = F470D8271581AB1600E21DE9 /* Build configuration list for PBXNativeTarget "SubCandidates" */;
			buildPhases = (
				F470D7F11581AB1500E21DE9 /* Sources */,
				F470D7F21581AB1500E21DE9 /* Frameworks */,
				F470D7F31581AB1500E21DE9 /* Resources */,
			);
			buildRules = (
			);
			dependencies = (
			);
			name = SubCandidates;
			productName = SubCandidates;
			productReference = F470D7F51581AB1500E21DE9 /* SubCandidates.app */;
			productType = "com.apple.product-type.application";
		};
		F470D8151581AB1600E21DE9 /* SubCandidatesTests */ = {
			isa = PBXNativeTarget;
			buildConfigurationList = F470D82A1581AB1600E21DE9 /* Build configuration list for PBXNativeTarget "SubCandidatesTests" */;
			buildPhases = (
				F470D8111581AB1600E21DE9 /* Sources */,
				F470D8121581AB1600E21DE9 /* Frameworks */,
				F470D8131581AB1600E21DE9 /* Resources */,
				F470D8141581AB1600E21DE9 /* ShellScript */,
			);
			buildRules = (
			);
			dependencies = (
				F470D81B1581AB1600E21DE9 /* PBXTargetDependency */,
			);
			name = SubCandidatesTests;
			productName = SubCandidatesTests;
			productReference = F470D8161581AB1600E21DE9 /* SubCandidatesTests.octest */;
			productType = "com.apple.product-type.bundle";
		};
/* End PBXNativeTarget section */

/* Begin PBXProject section */
		F470D7EC1581AB1500E21DE9 /* Project object */ = {
			isa = PBXProject;
			attributes = {
				LastUpgradeCheck = 0430;
				ORGANIZATIONNAME = CrackerSoft;
			};
			buildConfigurationList = F470D7EF1581AB1500E21DE9 /* Build configuration list for PBXProject "SubCandidates" */;
			compatibilityVersion = "Xcode 3.2";
			developmentRegion = English;
			hasScannedForEncodings = 0;
			knownRegions = (
				en,
			);
			mainGroup = F470D7EA1581AB1500E21DE9;
			productRefGroup = F470D7F61581AB1500E21DE9 /* Products */;
			projectDirPath = "";
			projectRoot = "";
			targets = (
				F470D7F41581AB1500E21DE9 /* SubCandidates */,
				F470D8151581AB1600E21DE9 /* SubCandidatesTests */,
			);
		};
/* End PBXProject section */

/* Begin PBXResourcesBuildPhase section */
		F470D7F31581AB1500E21DE9 /* Resources */ = {
			isa = PBXResourcesBuildPhase;
			buildActionMask = 2147483647;
			files = (
				F470D8041581AB1500E21DE9 /* InfoPlist.strings in Resources */,
				F470D80A1581AB1500E21DE9 /* Credits.rtf in Resources */,
				F470D8101581AB1600E21DE9 /* MainMenu.xib in Resources */,
			);
			runOnlyForDeploymentPostprocessing = 0;
		};
		F470D8131581AB1600E21DE9 /* Resources */ = {
			isa = PBXResourcesBuildPhase;
			buildActionMask = 2147483647;
			files = (
				F470D8211581AB1600E21DE9 /* InfoPlist.strings in Resources */,
			);
			runOnlyForDeploymentPostprocessing = 0;
		};
/* End PBXResourcesBuildPhase section */

/* Begin PBXShellScriptBuildPhase section */
		F470D8141581AB1600E21DE9 /* ShellScript */ = {
			isa = PBXShellScriptBuildPhase;
			buildActionMask = 2147483647;
			files = (
			);
			inputPaths = (
			);
			outputPaths = (
			);
			runOnlyForDeploymentPostprocessing = 0;
			shellPath = /bin/sh;
			shellScript = "# Run the unit tests in this test bundle.\n\"${SYSTEM_DEVELOPER_DIR}/Tools/RunUnitTests\"\n";
		};
/* End PBXShellScriptBuildPhase section */

/* Begin PBXSourcesBuildPhase section */
		F470D7F11581AB1500E21DE9 /* Sources */ = {
			isa = PBXSourcesBuildPhase;
			buildActionMask = 2147483647;
			files = (
				F470D8061581AB1500E21DE9 /* main.m in Sources */,
				F470D80D1581AB1500E21DE9 /* AppDelegate.m in Sources */,
			);
			runOnlyForDeploymentPostprocessing = 0;
		};
		F470D8111581AB1600E21DE9 /* Sources */ = {
			isa = PBXSourcesBuildPhase;
			buildActionMask = 2147483647;
			files = (
				F470D8241581AB1600E21DE9 /* SubCandidatesTests.m in Sources */,
			);
			runOnlyForDeploymentPostprocessing = 0;
		};
/* End PBXSourcesBuildPhase section */

/* Begin PBXTargetDependency section */
		F470D81B1581AB1600E21DE9 /* PBXTargetDependency */ = {
			isa = PBXTargetDependency;
			target = F470D7F41581AB1500E21DE9 /* SubCandidates */;
			targetProxy = F470D81A1581AB1600E21DE9 /* PBXContainerItemProxy */;
		};
/* End PBXTargetDependency section */

/* Begin PBXVariantGroup section */
		F470D8021581AB1500E21DE9 /* InfoPlist.strings */ = {
			isa = PBXVariantGroup;
			children = (
				F470D8031581AB1500E21DE9 /* en */,
			);
			name = InfoPlist.strings;
			sourceTree = "<group>";
		};
		F470D8081581AB1500E21DE9 /* Credits.rtf */ = {
			isa = PBXVariantGroup;
			children = (
				F470D8091581AB1500E21DE9 /* en */,
			);
			name = Credits.rtf;
			sourceTree = "<group>";
		};
		F470D80E1581AB1600E21DE9 /* MainMenu.xib */ = {
			isa = PBXVariantGroup;
			children = (
				F470D80F1581AB1600E21DE9 /* en */,
			);
			name = MainMenu.xib;
			sourceTree = "<group>";
		};
		F470D81F1581AB1600E21DE9 /* InfoPlist.strings */ = {
			isa = PBXVariantGroup;
			children = (
				F470D8201581AB1600E21DE9 /* en */,
			);
			name = InfoPlist.strings;
			sourceTree = "<group>";
		};
/* End PBXVariantGroup section */

/* Begin XCBuildConfiguration section */
		F470D8251581AB1600E21DE9 /* Debug */ = {
			isa = XCBuildConfiguration;
			buildSettings = {
				ALWAYS_SEARCH_USER_PATHS = NO;
				ARCHS = "$(ARCHS_STANDARD_64_BIT)";
				CLANG_ENABLE_OBJC_ARC = YES;
				COPY_PHASE_STRIP = NO;
				GCC_C_LANGUAGE_STANDARD = gnu99;
				GCC_DYNAMIC_NO_PIC = NO;
				GCC_ENABLE_OBJC_EXCEPTIONS = YES;
				GCC_OPTIMIZATION_LEVEL = 0;
				GCC_PREPROCESSOR_DEFINITIONS = (
					"DEBUG=1",
					"$(inherited)",
				);
				GCC_SYMBOLS_PRIVATE_EXTERN = NO;
				GCC_VERSION = com.apple.compilers.llvm.clang.1_0;
				GCC_WARN_64_TO_32_BIT_CONVERSION = YES;
				GCC_WARN_ABOUT_RETURN_TYPE = YES;
				GCC_WARN_UNINITIALIZED_AUTOS = YES;
				GCC_WARN_UNUSED_VARIABLE = YES;
				MACOSX_DEPLOYMENT_TARGET = 10.7;
				ONLY_ACTIVE_ARCH = YES;
				SDKROOT = macosx;
			};
			name = Debug;
		};
		F470D8261581AB1600E21DE9 /* Release */ = {
			isa = XCBuildConfiguration;
			buildSettings = {
				ALWAYS_SEARCH_USER_PATHS = NO;
				ARCHS = "$(ARCHS_STANDARD_64_BIT)";
				CLANG_ENABLE_OBJC_ARC = YES;
				COPY_PHASE_STRIP = YES;
				DEBUG_INFORMATION_FORMAT = "dwarf-with-dsym";
				GCC_C_LANGUAGE_STANDARD = gnu99;
				GCC_ENABLE_OBJC_EXCEPTIONS = YES;
				GCC_VERSION = com.apple.compilers.llvm.clang.1_0;
				GCC_WARN_64_TO_32_BIT_CONVERSION = YES;
				GCC_WARN_ABOUT_RETURN_TYPE = YES;
				GCC_WARN_UNINITIALIZED_AUTOS = YES;
				GCC_WARN_UNUSED_VARIABLE = YES;
				MACOSX_DEPLOYMENT_TARGET = 10.7;
				SDKROOT = macosx;
			};
			name = Release;
		};
		F470D8281581AB1600E21DE9 /* Debug */ = {
			isa = XCBuildConfiguration;
			buildSettings = {
				GCC_PRECOMPILE_PREFIX_HEADER = YES;
				GCC_PREFIX_HEADER = "SubCandidates/SubCandidates-Prefix.pch";
				INFOPLIST_FILE = "SubCandidates/SubCandidates-Info.plist";
				PRODUCT_NAME = "$(TARGET_NAME)";
				WRAPPER_EXTENSION = app;
			};
			name = Debug;
		};
		F470D8291581AB1600E21DE9 /* Release */ = {
			isa = XCBuildConfiguration;
			buildSettings = {
				GCC_PRECOMPILE_PREFIX_HEADER = YES;
				GCC_PREFIX_HEADER = "SubCandidates/SubCandidates-Prefix.pch";
				INFOPLIST_FILE = "SubCandidates/SubCandidates-Info.plist";
				PRODUCT_NAME = "$(TARGET_NAME)";
				WRAPPER_EXTENSION = app;
			};
			name = Release;
		};
		F470D82B1581AB1600E21DE9 /* Debug */ = {
			isa = XCBuildConfiguration;
			buildSettings = {
				BUNDLE_LOADER = "$(BUILT_PRODUCTS_DIR)/SubCandidates.app/Contents/MacOS/SubCandidates";
				FRAMEWORK_SEARCH_PATHS = "$(DEVELOPER_LIBRARY_DIR)/Frameworks";
				GCC_PRECOMPILE_PREFIX_HEADER = YES;
				GCC_PREFIX_HEADER = "SubCandidates/SubCandidates-Prefix.pch";
				INFOPLIST_FILE = "SubCandidatesTests/SubCandidatesTests-Info.plist";
				PRODUCT_NAME = "$(TARGET_NAME)";
				TEST_HOST = "$(BUNDLE_LOADER)";
				WRAPPER_EXTENSION = octest;
			};
			name = Debug;
		};
		F470D82C1581AB1600E21DE9 /* Release */ = {
			isa = XCBuildConfiguration;
			buildSettings = {
				BUNDLE_LOADER = "$(BUILT_PRODUCTS_DIR)/SubCandidates.app/Contents/MacOS/SubCandidates";
				FRAMEWORK_SEARCH_PATHS = "$(DEVELOPER_LIBRARY_DIR)/Frameworks";
				GCC_PRECOMPILE_PREFIX_HEADER = YES;
				GCC_PREFIX_HEADER = "SubCandidates/SubCandidates-Prefix.pch";
				INFOPLIST_FILE = "SubCandidatesTests/SubCandidatesTests-Info.plist";
				PRODUCT_NAME = "$(TARGET_NAME)";
				TEST_HOST = "$(BUNDLE_LOADER)";
				WRAPPER_EXTENSION = octest;
			};
			name = Release;
		};
/* End XCBuildConfiguration section */

/* Begin XCConfigurationList section */
		F470D7EF1581AB1500E21DE9 /* Build configuration list for PBXProject "SubCandidates" */ = {
			isa = XCConfigurationList;
			buildConfigurations = (
				F470D8251581AB1600E21DE9 /* Debug */,
				F470D8261581AB1600E21DE9 /* Release */,
			);
			defaultConfigurationIsVisible = 0;
			defaultConfigurationName = Release;
		};
		F470D8271581AB1600E21DE9 /* Build configuration list for PBXNativeTarget "SubCandidates" */ = {
			isa = XCConfigurationList;
			buildConfigurations = (
				F470D8281581AB1600E21DE9 /* Debug */,
				F470D8291581AB1600E21DE9 /* Release */,
			);
			defaultConfigurationIsVisible = 0;
		};
		F470D82A1581AB1600E21DE9 /* Build configuration list for PBXNativeTarget "SubCandidatesTests" */ = {
			isa = XCConfigurationList;
			buildConfigurations = (
				F470D82B1581AB1600E21DE9 /* Debug */,
				F470D82C1581AB1600E21DE9 /* Release */,
			);
			defaultConfigurationIsVisible = 0;
		};
/* End XCConfigurationList section */
	};
	rootObject = F470D7EC1581AB1500E21DE9 /* Project object */;
}
