// !$*UTF8*$!
{
	archiveVersion = 1;
	classes = {
	};
	objectVersion = 46;
	objects = {

/* Begin PBXBuildFile section */
		F470D8041581AB1500E21DE9 /* InfoPlist.strings in Resources */ = {isa = PBXBuildFile; fileRef = F470D8021581AB1500E21DE9 /* InfoPlist.strings */; };
		F470D8061581AB1500E21DE9 /* main.m in Sources */ = {isa = PBXBuildFile; fileRef = F470D8051581AB1500E21DE9 /* main.m */; };
		F470D80A1581AB1500E21DE9 /* Credits.rtf in Resources */ = {isa = PBXBuildFile; fileRef = F470D8081581AB1500E21DE9 /* Credits.rtf */; };
		F470D8101581AB1600E21DE9 /* MainMenu.xib in Resources */ = {isa = PBXBuildFile; fileRef = F470D80E1581AB1600E21DE9 /* MainMenu.xib */; };
		F470D82F1581AE4300E21DE9 /* SubCandidatesAppDelegate.m in Sources */ = {isa = PBXBuildFile; fileRef = F470D82E1581AE4300E21DE9 /* SubCandidatesAppDelegate.m */; };
		F470D8321581AEE000E21DE9 /* ConversionEngine.m in Sources */ = {isa = PBXBuildFile; fileRef = F470D8311581AEE000E21DE9 /* ConversionEngine.m */; };
		F470D8351581B80F00E21DE9 /* SubCandidatesInputController.m in Sources */ = {isa = PBXBuildFile; fileRef = F470D8341581B80F00E21DE9 /* SubCandidatesInputController.m */; };
		F494264715820827007E4531 /* Cocoa.framework in Frameworks */ = {isa = PBXBuildFile; fileRef = F470D7F91581AB1500E21DE9 /* Cocoa.framework */; };
		F49634301582FF04006FCBF7 /* Foundation.framework in Frameworks */ = {isa = PBXBuildFile; fileRef = F470D7FE1581AB1500E21DE9 /* Foundation.framework */; };
		F4A69EFF15821B0F00A50316 /* InputMethodKit.framework in Frameworks */ = {isa = PBXBuildFile; fileRef = F4A69EFE15821B0F00A50316 /* InputMethodKit.framework */; };
/* End PBXBuildFile section */

/* Begin PBXFileReference section */
		F470D7F51581AB1500E21DE9 /* SubCandidates.app */ = {isa = PBXFileReference; explicitFileType = wrapper.application; includeInIndex = 0; path = SubCandidates.app; sourceTree = BUILT_PRODUCTS_DIR; };
		F470D7F91581AB1500E21DE9 /* Cocoa.framework */ = {isa = PBXFileReference; lastKnownFileType = wrapper.framework; name = Cocoa.framework; path = System/Library/Frameworks/Cocoa.framework; sourceTree = SDKROOT; };
		F470D7FC1581AB1500E21DE9 /* AppKit.framework */ = {isa = PBXFileReference; lastKnownFileType = wrapper.framework; name = AppKit.framework; path = System/Library/Frameworks/AppKit.framework; sourceTree = SDKROOT; };
		F470D7FD1581AB1500E21DE9 /* CoreData.framework */ = {isa = PBXFileReference; lastKnownFileType = wrapper.framework; name = CoreData.framework; path = System/Library/Frameworks/CoreData.framework; sourceTree = SDKROOT; };
		F470D7FE1581AB1500E21DE9 /* Foundation.framework */ = {isa = PBXFileReference; lastKnownFileType = wrapper.framework; name = Foundation.framework; path = System/Library/Frameworks/Foundation.framework; sourceTree = SDKROOT; };
		F470D8011581AB1500E21DE9 /* SubCandidates-Info.plist */ = {isa = PBXFileReference; lastKnownFileType = text.plist.xml; path = "SubCandidates-Info.plist"; sourceTree = "<group>"; };
		F470D8031581AB1500E21DE9 /* en */ = {isa = PBXFileReference; lastKnownFileType = text.plist.strings; name = en; path = en.lproj/InfoPlist.strings; sourceTree = "<group>"; };
		F470D8051581AB1500E21DE9 /* main.m */ = {isa = PBXFileReference; lastKnownFileType = sourcecode.c.objc; path = main.m; sourceTree = "<group>"; };
		F470D8071581AB1500E21DE9 /* SubCandidates-Prefix.pch */ = {isa = PBXFileReference; lastKnownFileType = sourcecode.c.h; path = "SubCandidates-Prefix.pch"; sourceTree = "<group>"; };
		F470D8091581AB1500E21DE9 /* en */ = {isa = PBXFileReference; lastKnownFileType = text.rtf; name = en; path = en.lproj/Credits.rtf; sourceTree = "<group>"; };
		F470D80F1581AB1600E21DE9 /* en */ = {isa = PBXFileReference; lastKnownFileType = file.xib; name = en; path = en.lproj/MainMenu.xib; sourceTree = "<group>"; };
		F470D82D1581AE4300E21DE9 /* SubCandidatesAppDelegate.h */ = {isa = PBXFileReference; fileEncoding = 4; lastKnownFileType = sourcecode.c.h; path = SubCandidatesAppDelegate.h; sourceTree = "<group>"; };
		F470D82E1581AE4300E21DE9 /* SubCandidatesAppDelegate.m */ = {isa = PBXFileReference; fileEncoding = 4; lastKnownFileType = sourcecode.c.objc; path = SubCandidatesAppDelegate.m; sourceTree = "<group>"; };
		F470D8301581AEE000E21DE9 /* ConversionEngine.h */ = {isa = PBXFileReference; fileEncoding = 4; lastKnownFileType = sourcecode.c.h; path = ConversionEngine.h; sourceTree = "<group>"; };
		F470D8311581AEE000E21DE9 /* ConversionEngine.m */ = {isa = PBXFileReference; fileEncoding = 4; lastKnownFileType = sourcecode.c.objc; path = ConversionEngine.m; sourceTree = "<group>"; };
		F470D8331581B80F00E21DE9 /* SubCandidatesInputController.h */ = {isa = PBXFileReference; fileEncoding = 4; lastKnownFileType = sourcecode.c.h; path = SubCandidatesInputController.h; sourceTree = "<group>"; };
		F470D8341581B80F00E21DE9 /* SubCandidatesInputController.m */ = {isa = PBXFileReference; fileEncoding = 4; lastKnownFileType = sourcecode.c.objc; path = SubCandidatesInputController.m; sourceTree = "<group>"; };
		F4A69EFE15821B0F00A50316 /* InputMethodKit.framework */ = {isa = PBXFileReference; lastKnownFileType = wrapper.framework; name = InputMethodKit.framework; path = ../../../../../System/Library/Frameworks/InputMethodKit.framework; sourceTree = "<group>"; };
/* End PBXFileReference section */

/* Begin PBXFrameworksBuildPhase section */
		F470D7F21581AB1500E21DE9 /* Frameworks */ = {
			isa = PBXFrameworksBuildPhase;
			buildActionMask = 2147483647;
			files = (
				F494264715820827007E4531 /* Cocoa.framework in Frameworks */,
				F4A69EFF15821B0F00A50316 /* InputMethodKit.framework in Frameworks */,
				F49634301582FF04006FCBF7 /* Foundation.framework in Frameworks */,
			);
			runOnlyForDeploymentPostprocessing = 0;
		};
/* End PBXFrameworksBuildPhase section */

/* Begin PBXGroup section */
		F470D7EA1581AB1500E21DE9 = {
			isa = PBXGroup;
			children = (
				F4A69EFE15821B0F00A50316 /* InputMethodKit.framework */,
				F470D7FF1581AB1500E21DE9 /* SubCandidates */,
				F470D7F81581AB1500E21DE9 /* Frameworks */,
				F470D7F61581AB1500E21DE9 /* Products */,
			);
			sourceTree = "<group>";
		};
		F470D7F61581AB1500E21DE9 /* Products */ = {
			isa = PBXGroup;
			children = (
				F470D7F51581AB1500E21DE9 /* SubCandidates.app */,
			);
			name = Products;
			sourceTree = "<group>";
		};
		F470D7F81581AB1500E21DE9 /* Frameworks */ = {
			isa = PBXGroup;
			children = (
				F470D7F91581AB1500E21DE9 /* Cocoa.framework */,
				F470D7FB1581AB1500E21DE9 /* Other Frameworks */,
			);
			name = Frameworks;
			sourceTree = "<group>";
		};
		F470D7FB1581AB1500E21DE9 /* Other Frameworks */ = {
			isa = PBXGroup;
			children = (
				F470D7FC1581AB1500E21DE9 /* AppKit.framework */,
				F470D7FD1581AB1500E21DE9 /* CoreData.framework */,
				F470D7FE1581AB1500E21DE9 /* Foundation.framework */,
			);
			name = "Other Frameworks";
			sourceTree = "<group>";
		};
		F470D7FF1581AB1500E21DE9 /* SubCandidates */ = {
			isa = PBXGroup;
			children = (
				F470D80E1581AB1600E21DE9 /* MainMenu.xib */,
				F470D82D1581AE4300E21DE9 /* SubCandidatesAppDelegate.h */,
				F470D82E1581AE4300E21DE9 /* SubCandidatesAppDelegate.m */,
				F470D8301581AEE000E21DE9 /* ConversionEngine.h */,
				F470D8311581AEE000E21DE9 /* ConversionEngine.m */,
				F470D8331581B80F00E21DE9 /* SubCandidatesInputController.h */,
				F470D8341581B80F00E21DE9 /* SubCandidatesInputController.m */,
				F470D8001581AB1500E21DE9 /* Supporting Files */,
			);
			path = SubCandidates;
			sourceTree = "<group>";
		};
		F470D8001581AB1500E21DE9 /* Supporting Files */ = {
			isa = PBXGroup;
			children = (
				F470D8011581AB1500E21DE9 /* SubCandidates-Info.plist */,
				F470D8021581AB1500E21DE9 /* InfoPlist.strings */,
				F470D8051581AB1500E21DE9 /* main.m */,
				F470D8071581AB1500E21DE9 /* SubCandidates-Prefix.pch */,
				F470D8081581AB1500E21DE9 /* Credits.rtf */,
			);
			name = "Supporting Files";
			sourceTree = "<group>";
		};
/* End PBXGroup section */

/* Begin PBXNativeTarget section */
		F470D7F41581AB1500E21DE9 /* SubCandidates */ = {
			isa = PBXNativeTarget;
			buildConfigurationList = F470D8271581AB1600E21DE9 /* Build configuration list for PBXNativeTarget "SubCandidates" */;
			buildPhases = (
				F470D7F31581AB1500E21DE9 /* Resources */,
				F470D7F11581AB1500E21DE9 /* Sources */,
				F470D7F21581AB1500E21DE9 /* Frameworks */,
			);
			buildRules = (
			);
			dependencies = (
			);
			name = SubCandidates;
			productName = SubCandidates;
			productReference = F470D7F51581AB1500E21DE9 /* SubCandidates.app */;
			productType = "com.apple.product-type.application";
		};
/* End PBXNativeTarget section */

/* Begin PBXProject section */
		F470D7EC1581AB1500E21DE9 /* Project object */ = {
			isa = PBXProject;
			attributes = {
				LastUpgradeCheck = 0430;
				ORGANIZATIONNAME = CrackerSoft;
			};
			buildConfigurationList = F470D7EF1581AB1500E21DE9 /* Build configuration list for PBXProject "SubCandidates" */;
			compatibilityVersion = "Xcode 3.2";
			developmentRegion = English;
			hasScannedForEncodings = 0;
			knownRegions = (
				en,
			);
			mainGroup = F470D7EA1581AB1500E21DE9;
			productRefGroup = F470D7F61581AB1500E21DE9 /* Products */;
			projectDirPath = "";
			projectRoot = "";
			targets = (
				F470D7F41581AB1500E21DE9 /* SubCandidates */,
			);
		};
/* End PBXProject section */

/* Begin PBXResourcesBuildPhase section */
		F470D7F31581AB1500E21DE9 /* Resources */ = {
			isa = PBXResourcesBuildPhase;
			buildActionMask = 2147483647;
			files = (
				F470D8041581AB1500E21DE9 /* InfoPlist.strings in Resources */,
				F470D80A1581AB1500E21DE9 /* Credits.rtf in Resources */,
				F470D8101581AB1600E21DE9 /* MainMenu.xib in Resources */,
			);
			runOnlyForDeploymentPostprocessing = 0;
		};
/* End PBXResourcesBuildPhase section */

/* Begin PBXSourcesBuildPhase section */
		F470D7F11581AB1500E21DE9 /* Sources */ = {
			isa = PBXSourcesBuildPhase;
			buildActionMask = 2147483647;
			files = (
				F470D8061581AB1500E21DE9 /* main.m in Sources */,
				F470D82F1581AE4300E21DE9 /* SubCandidatesAppDelegate.m in Sources */,
				F470D8321581AEE000E21DE9 /* ConversionEngine.m in Sources */,
				F470D8351581B80F00E21DE9 /* SubCandidatesInputController.m in Sources */,
			);
			runOnlyForDeploymentPostprocessing = 0;
		};
/* End PBXSourcesBuildPhase section */

/* Begin PBXVariantGroup section */
		F470D8021581AB1500E21DE9 /* InfoPlist.strings */ = {
			isa = PBXVariantGroup;
			children = (
				F470D8031581AB1500E21DE9 /* en */,
			);
			name = InfoPlist.strings;
			sourceTree = "<group>";
		};
		F470D8081581AB1500E21DE9 /* Credits.rtf */ = {
			isa = PBXVariantGroup;
			children = (
				F470D8091581AB1500E21DE9 /* en */,
			);
			name = Credits.rtf;
			sourceTree = "<group>";
		};
		F470D80E1581AB1600E21DE9 /* MainMenu.xib */ = {
			isa = PBXVariantGroup;
			children = (
				F470D80F1581AB1600E21DE9 /* en */,
			);
			name = MainMenu.xib;
			sourceTree = "<group>";
		};
/* End PBXVariantGroup section */

/* Begin XCBuildConfiguration section */
		F470D8251581AB1600E21DE9 /* Debug */ = {
			isa = XCBuildConfiguration;
			buildSettings = {
				ALWAYS_SEARCH_USER_PATHS = YES;
				ARCHS = "$(ARCHS_STANDARD_32_64_BIT)";
				CLANG_ENABLE_OBJC_ARC = NO;
				COPY_PHASE_STRIP = YES;
				GCC_C_LANGUAGE_STANDARD = gnu99;
				GCC_DYNAMIC_NO_PIC = NO;
				GCC_ENABLE_OBJC_EXCEPTIONS = YES;
				GCC_INLINES_ARE_PRIVATE_EXTERN = NO;
				GCC_OPTIMIZATION_LEVEL = s;
				GCC_PREFIX_HEADER = "";
				GCC_PREPROCESSOR_DEFINITIONS = "";
				GCC_SYMBOLS_PRIVATE_EXTERN = NO;
				GCC_VERSION = com.apple.compilers.llvmgcc42;
				GCC_WARN_64_TO_32_BIT_CONVERSION = NO;
				GCC_WARN_ABOUT_RETURN_TYPE = YES;
				GCC_WARN_UNINITIALIZED_AUTOS = NO;
				GCC_WARN_UNUSED_VARIABLE = YES;
				MACOSX_DEPLOYMENT_TARGET = "";
				ONLY_ACTIVE_ARCH = YES;
				SDKROOT = macosx;
			};
			name = Debug;
		};
		F470D8261581AB1600E21DE9 /* Release */ = {
			isa = XCBuildConfiguration;
			buildSettings = {
				ALWAYS_SEARCH_USER_PATHS = YES;
				ARCHS = "$(ARCHS_STANDARD_32_64_BIT)";
				CLANG_ENABLE_OBJC_ARC = NO;
				COPY_PHASE_STRIP = YES;
				GCC_C_LANGUAGE_STANDARD = gnu99;
				GCC_ENABLE_OBJC_EXCEPTIONS = YES;
				GCC_INLINES_ARE_PRIVATE_EXTERN = NO;
				GCC_PREFIX_HEADER = "";
				GCC_SYMBOLS_PRIVATE_EXTERN = NO;
				GCC_VERSION = com.apple.compilers.llvmgcc42;
				GCC_WARN_64_TO_32_BIT_CONVERSION = NO;
				GCC_WARN_ABOUT_RETURN_TYPE = YES;
				GCC_WARN_UNINITIALIZED_AUTOS = NO;
				GCC_WARN_UNUSED_VARIABLE = YES;
				MACOSX_DEPLOYMENT_TARGET = "";
				SDKROOT = macosx;
			};
			name = Release;
		};
		F470D8281581AB1600E21DE9 /* Debug */ = {
			isa = XCBuildConfiguration;
			buildSettings = {
				ALWAYS_SEARCH_USER_PATHS = NO;
				ARCHS = "$(ARCHS_STANDARD_32_64_BIT)";
				CLANG_ENABLE_OBJC_ARC = NO;
				FRAMEWORK_SEARCH_PATHS = "";
				GCC_INLINES_ARE_PRIVATE_EXTERN = YES;
				GCC_MODEL_TUNING = G5;
				GCC_OPTIMIZATION_LEVEL = 0;
				GCC_PRECOMPILE_PREFIX_HEADER = YES;
				GCC_PREFIX_HEADER = "SubCandidates/SubCandidates-Prefix.pch";
				GCC_SYMBOLS_PRIVATE_EXTERN = YES;
				GCC_VERSION = "";
				INFOPLIST_FILE = "SubCandidates/SubCandidates-Info.plist";
				INSTALL_PATH = "$(HOME)/Applications";
				LIBRARY_SEARCH_PATHS = (
					"\"$(SRCROOT)\"",
					"$(inherited)",
				);
				MACOSX_DEPLOYMENT_TARGET = "";
				PRODUCT_NAME = "$(TARGET_NAME)";
				SDKROOT = "";
				WRAPPER_EXTENSION = app;
			};
			name = Debug;
		};
		F470D8291581AB1600E21DE9 /* Release */ = {
			isa = XCBuildConfiguration;
			buildSettings = {
				ALWAYS_SEARCH_USER_PATHS = NO;
				ARCHS = "$(ARCHS_STANDARD_32_64_BIT)";
				CLANG_ENABLE_OBJC_ARC = NO;
				DEBUG_INFORMATION_FORMAT = "dwarf-with-dsym";
				FRAMEWORK_SEARCH_PATHS = "";
				GCC_INLINES_ARE_PRIVATE_EXTERN = YES;
				GCC_MODEL_TUNING = G5;
				GCC_PRECOMPILE_PREFIX_HEADER = YES;
				GCC_PREFIX_HEADER = "SubCandidates/SubCandidates-Prefix.pch";
				GCC_SYMBOLS_PRIVATE_EXTERN = YES;
				GCC_VERSION = "";
				INFOPLIST_FILE = "SubCandidates/SubCandidates-Info.plist";
				INSTALL_PATH = "$(HOME)/Applications";
				LIBRARY_SEARCH_PATHS = (
					"\"$(SRCROOT)\"",
					"$(inherited)",
				);
				MACOSX_DEPLOYMENT_TARGET = "";
				PRODUCT_NAME = "$(TARGET_NAME)";
				SDKROOT = "";
				WRAPPER_EXTENSION = app;
			};
			name = Release;
		};
/* End XCBuildConfiguration section */

/* Begin XCConfigurationList section */
		F470D7EF1581AB1500E21DE9 /* Build configuration list for PBXProject "SubCandidates" */ = {
			isa = XCConfigurationList;
			buildConfigurations = (
				F470D8251581AB1600E21DE9 /* Debug */,
				F470D8261581AB1600E21DE9 /* Release */,
			);
			defaultConfigurationIsVisible = 0;
			defaultConfigurationName = Release;
		};
		F470D8271581AB1600E21DE9 /* Build configuration list for PBXNativeTarget "SubCandidates" */ = {
			isa = XCConfigurationList;
			buildConfigurations = (
				F470D8281581AB1600E21DE9 /* Debug */,
				F470D8291581AB1600E21DE9 /* Release */,
			);
			defaultConfigurationIsVisible = 0;
			defaultConfigurationName = Release;
		};
/* End XCConfigurationList section */
	};
	rootObject = F470D7EC1581AB1500E21DE9 /* Project object */;
}
